{
  "version": 1,
  "dependencies": {
    ".NETFramework,Version=v4.6.2": {
      "Microsoft.NETFramework.ReferenceAssemblies": {
        "type": "Direct",
        "requested": "[1.0.2, )",
        "resolved": "1.0.2",
        "contentHash": "5/cSEVld+px/CuRrbohO/djfg6++eR6zGpy88MgqloXvkj//WXWpFZyu/OpkXPN0u5m+dN/EVwLNYFUxD4h2+A==",
        "dependencies": {
          "Microsoft.NETFramework.ReferenceAssemblies.net462": "1.0.2"
        }
      },
      "Microsoft.VisualBasic": {
        "type": "Direct",
        "requested": "[10.3.0, )",
        "resolved": "10.3.0",
        "contentHash": "AvMDjmJHjz9bdlvxiSdEHHcWP+sZtp7zwule5ab6DaUbgoBnwCsd7nymj69vSz18ypXuEv3SI7ZUNwbIKrvtMA=="
      },
      "System.Drawing.Common": {
        "type": "Direct",
        "requested": "[4.6.2, )",
        "resolved": "4.6.2",
        "contentHash": "kelPAPYpGaN6M2i24G1UoRZXtntLAaJ9Tyy336hsN2hv9B4O43JAaOBp2+GIJmK9FDn/FQhX6U5nHtkCtVt+NA=="
      },
      "System.Resources.Extensions": {
        "type": "Direct",
        "requested": "[4.6.0, )",
        "resolved": "4.6.0",
        "contentHash": "6aVCk8oTFZNT3Tx1jjiPi6+aipiJ3qMZYttAREKTRJidP50YvNeOn4PXrqzfA5qC23fLReq2JYp+nJwzj62HGw==",
        "dependencies": {
          "System.Memory": "4.5.3"
        }
      },
      "System.Windows.Forms": {
        "type": "Direct",
        "requested": "[4.0.0, )",
        "resolved": "4.0.0",
        "contentHash": "WL3QPG1q88aIWO0JPOlkCeyNE+FK4ufSKY5j6J6qAFQyfCFiiOYxi8RAhev9H0CS/wmKbIK8qr8xZBod85oWKw=="
      },
      "Microsoft.NETFramework.ReferenceAssemblies.net462": {
        "type": "Transitive",
        "resolved": "1.0.2",
        "contentHash": "vnWMOt5+4SLOLu5hlB54LMK5OHqsX+5ekbo6vb7USvCM5uA4UKtATuMvIAw69ak62F94c+3895XwF5TcjjzpVw=="
      },
      "System.Buffers": {
        "type": "Transitive",
        "resolved": "4.4.0",
        "contentHash": "AwarXzzoDwX6BgrhjoJsk6tUezZEozOT5Y9QKF94Gl4JK91I4PIIBkBco9068Y9/Dra8Dkbie99kXB8+1BaYKw=="
      },
      "System.Memory": {
        "type": "Transitive",
        "resolved": "4.5.3",
        "contentHash": "3oDzvc/zzetpTKWMShs1AADwZjQ/36HnsufHRPcOjyRAAMLDlu2iD33MBI2opxnezcVUtXyqDXXjoFMOU9c7SA==",
        "dependencies": {
          "System.Buffers": "4.4.0",
          "System.Numerics.Vectors": "4.4.0",
          "System.Runtime.CompilerServices.Unsafe": "4.5.2"
        }
      },
      "System.Numerics.Vectors": {
        "type": "Transitive",
        "resolved": "4.4.0",
        "contentHash": "UiLzLW+Lw6HLed1Hcg+8jSRttrbuXv7DANVj0DkL9g6EnnzbL75EB7EWsw5uRbhxd/4YdG8li5XizGWepmG3PQ=="
      },
      "System.Runtime.CompilerServices.Unsafe": {
        "type": "Transitive",
        "resolved": "4.5.2",
        "contentHash": "wprSFgext8cwqymChhrBLu62LMg/1u92bU+VOwyfBimSPVFXtsNqEWC92Pf9ofzJFlk4IHmJA75EDJn1b2goAQ=="
      }
    }
  }
}